
Microsoft Visual Studio Solution File, Format Version 12.00
# Visual Studio Version 17
VisualStudioVersion = 17.8.34330.188
MinimumVisualStudioVersion = 10.0.40219.1
Project("{FAE04EC0-301F-11D3-BF4B-00C04F79EFBC}") = "GenerateProfilePhotoThumbnail", "GenerateProfilePhotoThumbnail\GenerateProfilePhotoThumbnail.csproj", "{7D3E12FB-A302-4163-8D92-D578BEF57377}"
EndProject
Project("{FAE04EC0-301F-11D3-BF4B-00C04F79EFBC}") = "ProfileJobs", "ProfileJobs\ProfileJobs.csproj", "{BD1929DA-5B0E-483E-975B-4D46455639AF}"
EndProject
Global
	GlobalSection(SolutionConfigurationPlatforms) = preSolution
		Debug|Any CPU = Debug|Any CPU
		Release|Any CPU = Release|Any CPU
	EndGlobalSection
	GlobalSection(ProjectConfigurationPlatforms) = postSolution
		{7D3E12FB-A302-4163-8D92-D578BEF57377}.Debug|Any CPU.ActiveCfg = Debug|Any CPU
		{7D3E12FB-A302-4163-8D92-D578BEF57377}.Debug|Any CPU.Build.0 = Debug|Any CPU
		{7D3E12FB-A302-4163-8D92-D578BEF57377}.Release|Any CPU.ActiveCfg = Release|Any CPU
		{7D3E12FB-A302-4163-8D92-D578BEF57377}.Release|Any CPU.Build.0 = Release|Any CPU
		{BD1929DA-5B0E-483E-975B-4D46455639AF}.Debug|Any CPU.ActiveCfg = Debug|Any CPU
		{BD1929DA-5B0E-483E-975B-4D46455639AF}.Debug|Any CPU.Build.0 = Debug|Any CPU
		{BD1929DA-5B0E-483E-975B-4D46455639AF}.Release|Any CPU.ActiveCfg = Release|Any CPU
		{BD1929DA-5B0E-483E-975B-4D46455639AF}.Release|Any CPU.Build.0 = Release|Any CPU
	EndGlobalSection
	GlobalSection(SolutionProperties) = preSolution
		HideSolutionNode = FALSE
	EndGlobalSection
	GlobalSection(ExtensibilityGlobals) = postSolution
		SolutionGuid = {796C60AA-850B-46A4-97DB-41A7DA260759}
	EndGlobalSection
EndGlobal
